{
  "object": {
    "pins": [
      {
        "package": "Realm",
        "repositoryURL": "https://github.com/realm/realm-cocoa",
        "state": {
          "branch": "tg/spm",
          "revision": "fc6ec59ad84045542f022bf5d8f38823f9b4318e",
          "version": null
        }
      },
      {
        "package": "RealmCore",
        "repositoryURL": "https://github.com/realm/realm-core",
        "state": {
          "branch": "master",
          "revision": "51932a36200e3a51d07b5ebbaf0a61cb8aa6c371",
          "version": null
        }
      },
      {
        "package": "RxRealm",
        "repositoryURL": "https://github.com/foresightmobile/RxRealm.git",
        "state": {
          "branch": "removed-realm",
          "revision": "1e12fee5fcda3dfa528cdf0e53d4e9ced5abd38c",
          "version": null
        }
      },
      {
        "package": "RxSwift",
        "repositoryURL": "https://github.com/foresightmobile/RxSwift",
        "state": {
          "branch": "removing-uiwebkit",
          "revision": "1f775ef59acf1a13acf68afbd0f32d8db416eaf6",
          "version": null
        }
      }
    ]
  },
  "version": 1
}
